// !$*UTF8*$!
{
	archiveVersion = 1;
	classes = {
	};
	objectVersion = 46;
	objects = {

/* Begin PBXBuildFile section */
		C088CB191BE260920022F0BF /* AppDelegate.swift in Sources */ = {isa = PBXBuildFile; fileRef = C088CB181BE260920022F0BF /* AppDelegate.swift */; };
		C088CB1B1BE260920022F0BF /* ViewController.swift in Sources */ = {isa = PBXBuildFile; fileRef = C088CB1A1BE260920022F0BF /* ViewController.swift */; };
		C088CB1E1BE260920022F0BF /* Main.storyboard in Resources */ = {isa = PBXBuildFile; fileRef = C088CB1C1BE260920022F0BF /* Main.storyboard */; };
		C088CB201BE260920022F0BF /* Assets.xcassets in Resources */ = {isa = PBXBuildFile; fileRef = C088CB1F1BE260920022F0BF /* Assets.xcassets */; };
		C088CB231BE260920022F0BF /* LaunchScreen.storyboard in Resources */ = {isa = PBXBuildFile; fileRef = C088CB211BE260920022F0BF /* LaunchScreen.storyboard */; };
		C088CB2E1BE260920022F0BF /* TableViewExplorationTests.swift in Sources */ = {isa = PBXBuildFile; fileRef = C088CB2D1BE260920022F0BF /* TableViewExplorationTests.swift */; };
		C088CB391BE260920022F0BF /* TableViewExplorationUITests.swift in Sources */ = {isa = PBXBuildFile; fileRef = C088CB381BE260920022F0BF /* TableViewExplorationUITests.swift */; };
/* End PBXBuildFile section */

/* Begin PBXContainerItemProxy section */
		C088CB2A1BE260920022F0BF /* PBXContainerItemProxy */ = {
			isa = PBXContainerItemProxy;
			containerPortal = C088CB0D1BE260920022F0BF /* Project object */;
			proxyType = 1;
			remoteGlobalIDString = C088CB141BE260920022F0BF;
			remoteInfo = TableViewExploration;
		};
		C088CB351BE260920022F0BF /* PBXContainerItemProxy */ = {
			isa = PBXContainerItemProxy;
			containerPortal = C088CB0D1BE260920022F0BF /* Project object */;
			proxyType = 1;
			remoteGlobalIDString = C088CB141BE260920022F0BF;
			remoteInfo = TableViewExploration;
		};
/* End PBXContainerItemProxy section */

/* Begin PBXFileReference section */
		C088CB151BE260920022F0BF /* TableViewExploration.app */ = {isa = PBXFileReference; explicitFileType = wrapper.application; includeInIndex = 0; path = TableViewExploration.app; sourceTree = BUILT_PRODUCTS_DIR; };
		C088CB181BE260920022F0BF /* AppDelegate.swift */ = {isa = PBXFileReference; lastKnownFileType = sourcecode.swift; path = AppDelegate.swift; sourceTree = "<group>"; };
		C088CB1A1BE260920022F0BF /* ViewController.swift */ = {isa = PBXFileReference; lastKnownFileType = sourcecode.swift; path = ViewController.swift; sourceTree = "<group>"; };
		C088CB1D1BE260920022F0BF /* Base */ = {isa = PBXFileReference; lastKnownFileType = file.storyboard; name = Base; path = Base.lproj/Main.storyboard; sourceTree = "<group>"; };
		C088CB1F1BE260920022F0BF /* Assets.xcassets */ = {isa = PBXFileReference; lastKnownFileType = folder.assetcatalog; path = Assets.xcassets; sourceTree = "<group>"; };
		C088CB221BE260920022F0BF /* Base */ = {isa = PBXFileReference; lastKnownFileType = file.storyboard; name = Base; path = Base.lproj/LaunchScreen.storyboard; sourceTree = "<group>"; };
		C088CB241BE260920022F0BF /* Info.plist */ = {isa = PBXFileReference; lastKnownFileType = text.plist.xml; path = Info.plist; sourceTree = "<group>"; };
		C088CB291BE260920022F0BF /* TableViewExplorationTests.xctest */ = {isa = PBXFileReference; explicitFileType = wrapper.cfbundle; includeInIndex = 0; path = TableViewExplorationTests.xctest; sourceTree = BUILT_PRODUCTS_DIR; };
		C088CB2D1BE260920022F0BF /* TableViewExplorationTests.swift */ = {isa = PBXFileReference; lastKnownFileType = sourcecode.swift; path = TableViewExplorationTests.swift; sourceTree = "<group>"; };
		C088CB2F1BE260920022F0BF /* Info.plist */ = {isa = PBXFileReference; lastKnownFileType = text.plist.xml; path = Info.plist; sourceTree = "<group>"; };
		C088CB341BE260920022F0BF /* TableViewExplorationUITests.xctest */ = {isa = PBXFileReference; explicitFileType = wrapper.cfbundle; includeInIndex = 0; path = TableViewExplorationUITests.xctest; sourceTree = BUILT_PRODUCTS_DIR; };
		C088CB381BE260920022F0BF /* TableViewExplorationUITests.swift */ = {isa = PBXFileReference; lastKnownFileType = sourcecode.swift; path = TableViewExplorationUITests.swift; sourceTree = "<group>"; };
		C088CB3A1BE260920022F0BF /* Info.plist */ = {isa = PBXFileReference; lastKnownFileType = text.plist.xml; path = Info.plist; sourceTree = "<group>"; };
/* End PBXFileReference section */

/* Begin PBXFrameworksBuildPhase section */
		C088CB121BE260920022F0BF /* Frameworks */ = {
			isa = PBXFrameworksBuildPhase;
			buildActionMask = 2147483647;
			files = (
			);
			runOnlyForDeploymentPostprocessing = 0;
		};
		C088CB261BE260920022F0BF /* Frameworks */ = {
			isa = PBXFrameworksBuildPhase;
			buildActionMask = 2147483647;
			files = (
			);
			runOnlyForDeploymentPostprocessing = 0;
		};
		C088CB311BE260920022F0BF /* Frameworks */ = {
			isa = PBXFrameworksBuildPhase;
			buildActionMask = 2147483647;
			files = (
			);
			runOnlyForDeploymentPostprocessing = 0;
		};
/* End PBXFrameworksBuildPhase section */

/* Begin PBXGroup section */
		C088CB0C1BE260920022F0BF = {
			isa = PBXGroup;
			children = (
				C088CB171BE260920022F0BF /* TableViewExploration */,
				C088CB2C1BE260920022F0BF /* TableViewExplorationTests */,
				C088CB371BE260920022F0BF /* TableViewExplorationUITests */,
				C088CB161BE260920022F0BF /* Products */,
			);
			sourceTree = "<group>";
		};
		C088CB161BE260920022F0BF /* Products */ = {
			isa = PBXGroup;
			children = (
				C088CB151BE260920022F0BF /* TableViewExploration.app */,
				C088CB291BE260920022F0BF /* TableViewExplorationTests.xctest */,
				C088CB341BE260920022F0BF /* TableViewExplorationUITests.xctest */,
			);
			name = Products;
			sourceTree = "<group>";
		};
		C088CB171BE260920022F0BF /* TableViewExploration */ = {
			isa = PBXGroup;
			children = (
				C088CB181BE260920022F0BF /* AppDelegate.swift */,
				C088CB1A1BE260920022F0BF /* ViewController.swift */,
				C088CB1C1BE260920022F0BF /* Main.storyboard */,
				C088CB1F1BE260920022F0BF /* Assets.xcassets */,
				C088CB211BE260920022F0BF /* LaunchScreen.storyboard */,
				C088CB241BE260920022F0BF /* Info.plist */,
			);
			path = TableViewExploration;
			sourceTree = "<group>";
		};
		C088CB2C1BE260920022F0BF /* TableViewExplorationTests */ = {
			isa = PBXGroup;
			children = (
				C088CB2D1BE260920022F0BF /* TableViewExplorationTests.swift */,
				C088CB2F1BE260920022F0BF /* Info.plist */,
			);
			path = TableViewExplorationTests;
			sourceTree = "<group>";
		};
		C088CB371BE260920022F0BF /* TableViewExplorationUITests */ = {
			isa = PBXGroup;
			children = (
				C088CB381BE260920022F0BF /* TableViewExplorationUITests.swift */,
				C088CB3A1BE260920022F0BF /* Info.plist */,
			);
			path = TableViewExplorationUITests;
			sourceTree = "<group>";
		};
/* End PBXGroup section */

/* Begin PBXNativeTarget section */
		C088CB141BE260920022F0BF /* TableViewExploration */ = {
			isa = PBXNativeTarget;
			buildConfigurationList = C088CB3D1BE260920022F0BF /* Build configuration list for PBXNativeTarget "TableViewExploration" */;
			buildPhases = (
				C088CB111BE260920022F0BF /* Sources */,
				C088CB121BE260920022F0BF /* Frameworks */,
				C088CB131BE260920022F0BF /* Resources */,
			);
			buildRules = (
			);
			dependencies = (
			);
			name = TableViewExploration;
			productName = TableViewExploration;
			productReference = C088CB151BE260920022F0BF /* TableViewExploration.app */;
			productType = "com.apple.product-type.application";
		};
		C088CB281BE260920022F0BF /* TableViewExplorationTests */ = {
			isa = PBXNativeTarget;
			buildConfigurationList = C088CB401BE260920022F0BF /* Build configuration list for PBXNativeTarget "TableViewExplorationTests" */;
			buildPhases = (
				C088CB251BE260920022F0BF /* Sources */,
				C088CB261BE260920022F0BF /* Frameworks */,
				C088CB271BE260920022F0BF /* Resources */,
			);
			buildRules = (
			);
			dependencies = (
				C088CB2B1BE260920022F0BF /* PBXTargetDependency */,
			);
			name = TableViewExplorationTests;
			productName = TableViewExplorationTests;
			productReference = C088CB291BE260920022F0BF /* TableViewExplorationTests.xctest */;
			productType = "com.apple.product-type.bundle.unit-test";
		};
		C088CB331BE260920022F0BF /* TableViewExplorationUITests */ = {
			isa = PBXNativeTarget;
			buildConfigurationList = C088CB431BE260920022F0BF /* Build configuration list for PBXNativeTarget "TableViewExplorationUITests" */;
			buildPhases = (
				C088CB301BE260920022F0BF /* Sources */,
				C088CB311BE260920022F0BF /* Frameworks */,
				C088CB321BE260920022F0BF /* Resources */,
			);
			buildRules = (
			);
			dependencies = (
				C088CB361BE260920022F0BF /* PBXTargetDependency */,
			);
			name = TableViewExplorationUITests;
			productName = TableViewExplorationUITests;
			productReference = C088CB341BE260920022F0BF /* TableViewExplorationUITests.xctest */;
			productType = "com.apple.product-type.bundle.ui-testing";
		};
/* End PBXNativeTarget section */

/* Begin PBXProject section */
		C088CB0D1BE260920022F0BF /* Project object */ = {
			isa = PBXProject;
			attributes = {
				LastSwiftUpdateCheck = 0710;
				LastUpgradeCheck = 0710;
				ORGANIZATIONNAME = "Baloon Girl";
				TargetAttributes = {
					C088CB141BE260920022F0BF = {
						CreatedOnToolsVersion = 7.1;
					};
					C088CB281BE260920022F0BF = {
						CreatedOnToolsVersion = 7.1;
						TestTargetID = C088CB141BE260920022F0BF;
					};
					C088CB331BE260920022F0BF = {
						CreatedOnToolsVersion = 7.1;
						TestTargetID = C088CB141BE260920022F0BF;
					};
				};
			};
			buildConfigurationList = C088CB101BE260920022F0BF /* Build configuration list for PBXProject "TableViewExploration" */;
			compatibilityVersion = "Xcode 3.2";
			developmentRegion = English;
			hasScannedForEncodings = 0;
			knownRegions = (
				en,
				Base,
			);
			mainGroup = C088CB0C1BE260920022F0BF;
			productRefGroup = C088CB161BE260920022F0BF /* Products */;
			projectDirPath = "";
			projectRoot = "";
			targets = (
				C088CB141BE260920022F0BF /* TableViewExploration */,
				C088CB281BE260920022F0BF /* TableViewExplorationTests */,
				C088CB331BE260920022F0BF /* TableViewExplorationUITests */,
			);
		};
/* End PBXProject section */

/* Begin PBXResourcesBuildPhase section */
		C088CB131BE260920022F0BF /* Resources */ = {
			isa = PBXResourcesBuildPhase;
			buildActionMask = 2147483647;
			files = (
				C088CB231BE260920022F0BF /* LaunchScreen.storyboard in Resources */,
				C088CB201BE260920022F0BF /* Assets.xcassets in Resources */,
				C088CB1E1BE260920022F0BF /* Main.storyboard in Resources */,
			);
			runOnlyForDeploymentPostprocessing = 0;
		};
		C088CB271BE260920022F0BF /* Resources */ = {
			isa = PBXResourcesBuildPhase;
			buildActionMask = 2147483647;
			files = (
			);
			runOnlyForDeploymentPostprocessing = 0;
		};
		C088CB321BE260920022F0BF /* Resources */ = {
			isa = PBXResourcesBuildPhase;
			buildActionMask = 2147483647;
			files = (
			);
			runOnlyForDeploymentPostprocessing = 0;
		};
/* End PBXResourcesBuildPhase section */

/* Begin PBXSourcesBuildPhase section */
		C088CB111BE260920022F0BF /* Sources */ = {
			isa = PBXSourcesBuildPhase;
			buildActionMask = 2147483647;
			files = (
				C088CB1B1BE260920022F0BF /* ViewController.swift in Sources */,
				C088CB191BE260920022F0BF /* AppDelegate.swift in Sources */,
			);
			runOnlyForDeploymentPostprocessing = 0;
		};
		C088CB251BE260920022F0BF /* Sources */ = {
			isa = PBXSourcesBuildPhase;
			buildActionMask = 2147483647;
			files = (
				C088CB2E1BE260920022F0BF /* TableViewExplorationTests.swift in Sources */,
			);
			runOnlyForDeploymentPostprocessing = 0;
		};
		C088CB301BE260920022F0BF /* Sources */ = {
			isa = PBXSourcesBuildPhase;
			buildActionMask = 2147483647;
			files = (
				C088CB391BE260920022F0BF /* TableViewExplorationUITests.swift in Sources */,
			);
			runOnlyForDeploymentPostprocessing = 0;
		};
/* End PBXSourcesBuildPhase section */

/* Begin PBXTargetDependency section */
		C088CB2B1BE260920022F0BF /* PBXTargetDependency */ = {
			isa = PBXTargetDependency;
			target = C088CB141BE260920022F0BF /* TableViewExploration */;
			targetProxy = C088CB2A1BE260920022F0BF /* PBXContainerItemProxy */;
		};
		C088CB361BE260920022F0BF /* PBXTargetDependency */ = {
			isa = PBXTargetDependency;
			target = C088CB141BE260920022F0BF /* TableViewExploration */;
			targetProxy = C088CB351BE260920022F0BF /* PBXContainerItemProxy */;
		};
/* End PBXTargetDependency section */

/* Begin PBXVariantGroup section */
		C088CB1C1BE260920022F0BF /* Main.storyboard */ = {
			isa = PBXVariantGroup;
			children = (
				C088CB1D1BE260920022F0BF /* Base */,
			);
			name = Main.storyboard;
			sourceTree = "<group>";
		};
		C088CB211BE260920022F0BF /* LaunchScreen.storyboard */ = {
			isa = PBXVariantGroup;
			children = (
				C088CB221BE260920022F0BF /* Base */,
			);
			name = LaunchScreen.storyboard;
			sourceTree = "<group>";
		};
/* End PBXVariantGroup section */

/* Begin XCBuildConfiguration section */
		C088CB3B1BE260920022F0BF /* Debug */ = {
			isa = XCBuildConfiguration;
			buildSettings = {
				ALWAYS_SEARCH_USER_PATHS = NO;
				CLANG_CXX_LANGUAGE_STANDARD = "gnu++0x";
				CLANG_CXX_LIBRARY = "libc++";
				CLANG_ENABLE_MODULES = YES;
				CLANG_ENABLE_OBJC_ARC = YES;
				CLANG_WARN_BOOL_CONVERSION = YES;
				CLANG_WARN_CONSTANT_CONVERSION = YES;
				CLANG_WARN_DIRECT_OBJC_ISA_USAGE = YES_ERROR;
				CLANG_WARN_EMPTY_BODY = YES;
				CLANG_WARN_ENUM_CONVERSION = YES;
				CLANG_WARN_INT_CONVERSION = YES;
				CLANG_WARN_OBJC_ROOT_CLASS = YES_ERROR;
				CLANG_WARN_UNREACHABLE_CODE = YES;
				CLANG_WARN__DUPLICATE_METHOD_MATCH = YES;
				"CODE_SIGN_IDENTITY[sdk=iphoneos*]" = "iPhone Developer";
				COPY_PHASE_STRIP = NO;
				DEBUG_INFORMATION_FORMAT = dwarf;
				ENABLE_STRICT_OBJC_MSGSEND = YES;
				ENABLE_TESTABILITY = YES;
				GCC_C_LANGUAGE_STANDARD = gnu99;
				GCC_DYNAMIC_NO_PIC = NO;
				GCC_NO_COMMON_BLOCKS = YES;
				GCC_OPTIMIZATION_LEVEL = 0;
				GCC_PREPROCESSOR_DEFINITIONS = (
					"DEBUG=1",
					"$(inherited)",
				);
				GCC_WARN_64_TO_32_BIT_CONVERSION = YES;
				GCC_WARN_ABOUT_RETURN_TYPE = YES_ERROR;
				GCC_WARN_UNDECLARED_SELECTOR = YES;
				GCC_WARN_UNINITIALIZED_AUTOS = YES_AGGRESSIVE;
				GCC_WARN_UNUSED_FUNCTION = YES;
				GCC_WARN_UNUSED_VARIABLE = YES;
				IPHONEOS_DEPLOYMENT_TARGET = 9.1;
				MTL_ENABLE_DEBUG_INFO = YES;
				ONLY_ACTIVE_ARCH = YES;
				SDKROOT = iphoneos;
				SWIFT_OPTIMIZATION_LEVEL = "-Onone";
				TARGETED_DEVICE_FAMILY = "1,2";
			};
			name = Debug;
		};
		C088CB3C1BE260920022F0BF /* Release */ = {
			isa = XCBuildConfiguration;
			buildSettings = {
				ALWAYS_SEARCH_USER_PATHS = NO;
				CLANG_CXX_LANGUAGE_STANDARD = "gnu++0x";
				CLANG_CXX_LIBRARY = "libc++";
				CLANG_ENABLE_MODULES = YES;
				CLANG_ENABLE_OBJC_ARC = YES;
				CLANG_WARN_BOOL_CONVERSION = YES;
				CLANG_WARN_CONSTANT_CONVERSION = YES;
				CLANG_WARN_DIRECT_OBJC_ISA_USAGE = YES_ERROR;
				CLANG_WARN_EMPTY_BODY = YES;
				CLANG_WARN_ENUM_CONVERSION = YES;
				CLANG_WARN_INT_CONVERSION = YES;
				CLANG_WARN_OBJC_ROOT_CLASS = YES_ERROR;
				CLANG_WARN_UNREACHABLE_CODE = YES;
				CLANG_WARN__DUPLICATE_METHOD_MATCH = YES;
				"CODE_SIGN_IDENTITY[sdk=iphoneos*]" = "iPhone Developer";
				COPY_PHASE_STRIP = NO;
				DEBUG_INFORMATION_FORMAT = "dwarf-with-dsym";
				ENABLE_NS_ASSERTIONS = NO;
				ENABLE_STRICT_OBJC_MSGSEND = YES;
				GCC_C_LANGUAGE_STANDARD = gnu99;
				GCC_NO_COMMON_BLOCKS = YES;
				GCC_WARN_64_TO_32_BIT_CONVERSION = YES;
				GCC_WARN_ABOUT_RETURN_TYPE = YES_ERROR;
				GCC_WARN_UNDECLARED_SELECTOR = YES;
				GCC_WARN_UNINITIALIZED_AUTOS = YES_AGGRESSIVE;
				GCC_WARN_UNUSED_FUNCTION = YES;
				GCC_WARN_UNUSED_VARIABLE = YES;
				IPHONEOS_DEPLOYMENT_TARGET = 9.1;
				MTL_ENABLE_DEBUG_INFO = NO;
				SDKROOT = iphoneos;
				TARGETED_DEVICE_FAMILY = "1,2";
				VALIDATE_PRODUCT = YES;
			};
			name = Release;
		};
		C088CB3E1BE260920022F0BF /* Debug */ = {
			isa = XCBuildConfiguration;
			buildSettings = {
				ASSETCATALOG_COMPILER_APPICON_NAME = AppIcon;
				INFOPLIST_FILE = TableViewExploration/Info.plist;
				LD_RUNPATH_SEARCH_PATHS = "$(inherited) @executable_path/Frameworks";
				PRODUCT_BUNDLE_IDENTIFIER = ca.baloongirl.TableViewExploration;
				PRODUCT_NAME = "$(TARGET_NAME)";
			};
			name = Debug;
		};
		C088CB3F1BE260920022F0BF /* Release */ = {
			isa = XCBuildConfiguration;
			buildSettings = {
				ASSETCATALOG_COMPILER_APPICON_NAME = AppIcon;
				INFOPLIST_FILE = TableViewExploration/Info.plist;
				LD_RUNPATH_SEARCH_PATHS = "$(inherited) @executable_path/Frameworks";
				PRODUCT_BUNDLE_IDENTIFIER = ca.baloongirl.TableViewExploration;
				PRODUCT_NAME = "$(TARGET_NAME)";
			};
			name = Release;
		};
		C088CB411BE260920022F0BF /* Debug */ = {
			isa = XCBuildConfiguration;
			buildSettings = {
				BUNDLE_LOADER = "$(TEST_HOST)";
				INFOPLIST_FILE = TableViewExplorationTests/Info.plist;
				LD_RUNPATH_SEARCH_PATHS = "$(inherited) @executable_path/Frameworks @loader_path/Frameworks";
				PRODUCT_BUNDLE_IDENTIFIER = ca.baloongirl.TableViewExplorationTests;
				PRODUCT_NAME = "$(TARGET_NAME)";
				TEST_HOST = "$(BUILT_PRODUCTS_DIR)/TableViewExploration.app/TableViewExploration";
			};
			name = Debug;
		};
		C088CB421BE260920022F0BF /* Release */ = {
			isa = XCBuildConfiguration;
			buildSettings = {
				BUNDLE_LOADER = "$(TEST_HOST)";
				INFOPLIST_FILE = TableViewExplorationTests/Info.plist;
				LD_RUNPATH_SEARCH_PATHS = "$(inherited) @executable_path/Frameworks @loader_path/Frameworks";
				PRODUCT_BUNDLE_IDENTIFIER = ca.baloongirl.TableViewExplorationTests;
				PRODUCT_NAME = "$(TARGET_NAME)";
				TEST_HOST = "$(BUILT_PRODUCTS_DIR)/TableViewExploration.app/TableViewExploration";
			};
			name = Release;
		};
		C088CB441BE260920022F0BF /* Debug */ = {
			isa = XCBuildConfiguration;
			buildSettings = {
				INFOPLIST_FILE = TableViewExplorationUITests/Info.plist;
				LD_RUNPATH_SEARCH_PATHS = "$(inherited) @executable_path/Frameworks @loader_path/Frameworks";
				PRODUCT_BUNDLE_IDENTIFIER = ca.baloongirl.TableViewExplorationUITests;
				PRODUCT_NAME = "$(TARGET_NAME)";
				TEST_TARGET_NAME = TableViewExploration;
				USES_XCTRUNNER = YES;
			};
			name = Debug;
		};
		C088CB451BE260920022F0BF /* Release */ = {
			isa = XCBuildConfiguration;
			buildSettings = {
				INFOPLIST_FILE = TableViewExplorationUITests/Info.plist;
				LD_RUNPATH_SEARCH_PATHS = "$(inherited) @executable_path/Frameworks @loader_path/Frameworks";
				PRODUCT_BUNDLE_IDENTIFIER = ca.baloongirl.TableViewExplorationUITests;
				PRODUCT_NAME = "$(TARGET_NAME)";
				TEST_TARGET_NAME = TableViewExploration;
				USES_XCTRUNNER = YES;
			};
			name = Release;
		};
/* End XCBuildConfiguration section */

/* Begin XCConfigurationList section */
		C088CB101BE260920022F0BF /* Build configuration list for PBXProject "TableViewExploration" */ = {
			isa = XCConfigurationList;
			buildConfigurations = (
				C088CB3B1BE260920022F0BF /* Debug */,
				C088CB3C1BE260920022F0BF /* Release */,
			);
			defaultConfigurationIsVisible = 0;
			defaultConfigurationName = Release;
		};
		C088CB3D1BE260920022F0BF /* Build configuration list for PBXNativeTarget "TableViewExploration" */ = {
			isa = XCConfigurationList;
			buildConfigurations = (
				C088CB3E1BE260920022F0BF /* Debug */,
				C088CB3F1BE260920022F0BF /* Release */,
			);
			defaultConfigurationIsVisible = 0;
		};
		C088CB401BE260920022F0BF /* Build configuration list for PBXNativeTarget "TableViewExplorationTests" */ = {
			isa = XCConfigurationList;
			buildConfigurations = (
				C088CB411BE260920022F0BF /* Debug */,
				C088CB421BE260920022F0BF /* Release */,
			);
			defaultConfigurationIsVisible = 0;
		};
		C088CB431BE260920022F0BF /* Build configuration list for PBXNativeTarget "TableViewExplorationUITests" */ = {
			isa = XCConfigurationList;
			buildConfigurations = (
				C088CB441BE260920022F0BF /* Debug */,
				C088CB451BE260920022F0BF /* Release */,
			);
			defaultConfigurationIsVisible = 0;
		};
/* End XCConfigurationList section */
	};
	rootObject = C088CB0D1BE260920022F0BF /* Project object */;
}
